#MicroXplorer Configuration settings - do not modify
ADC1.Channel-35\#ChannelRegularConversion=ADC_CHANNEL_TEMPSENSOR
ADC1.IPParameters=Rank-35\#ChannelRegularConversion,Channel-35\#ChannelRegularConversion,SamplingTime-35\#ChannelRegularConversion,OffsetNumber-35\#ChannelRegularConversion,NbrOfConversionFlag,master
ADC1.NbrOfConversionFlag=1
ADC1.OffsetNumber-35\#ChannelRegularConversion=ADC_OFFSET_NONE
ADC1.Rank-35\#ChannelRegularConversion=1
ADC1.SamplingTime-35\#ChannelRegularConversion=ADC_SAMPLETIME_2CYCLES_5
ADC1.master=1
CAN1.CalculateTimeQuantum=4000.0
CAN1.IPParameters=CalculateTimeQuantum
File.Version=6
KeepUserPlacement=true
Mcu.Family=STM32L4
Mcu.IP0=ADC1
Mcu.IP1=CAN1
Mcu.IP2=NVIC
Mcu.IP3=RCC
Mcu.IP4=SPI1
Mcu.IP5=SYS
Mcu.IP6=TIM2
Mcu.IP7=USART1
Mcu.IPNb=8
Mcu.Name=STM32L432K(B-C)Ux
Mcu.Package=UFQFPN32
Mcu.Pin0=PA0
Mcu.Pin1=PA1
Mcu.Pin10=VP_ADC1_TempSens_Input
Mcu.Pin11=VP_ADC1_Vbat_Input
Mcu.Pin12=VP_SYS_VS_Systick
Mcu.Pin2=PA2
Mcu.Pin3=PA5
Mcu.Pin4=PA6
Mcu.Pin5=PA7
Mcu.Pin6=PA9
Mcu.Pin7=PA10
Mcu.Pin8=PA11
Mcu.Pin9=PA12
Mcu.PinsNb=13
Mcu.ThirdPartyNb=0
Mcu.UserConstants=
Mcu.UserName=STM32L432KCUx
MxCube.Version=4.26.0
MxDb.Version=DB.4.0.260
NVIC.BusFault_IRQn=true\:0\:0\:false\:false\:true\:false
NVIC.DebugMonitor_IRQn=true\:0\:0\:false\:false\:true\:false
NVIC.HardFault_IRQn=true\:0\:0\:false\:false\:true\:false
NVIC.MemoryManagement_IRQn=true\:0\:0\:false\:false\:true\:false
NVIC.NonMaskableInt_IRQn=true\:0\:0\:false\:false\:true\:false
NVIC.PendSV_IRQn=true\:0\:0\:false\:false\:true\:false
NVIC.PriorityGroup=NVIC_PRIORITYGROUP_4
NVIC.SVCall_IRQn=true\:0\:0\:false\:false\:true\:false
NVIC.SysTick_IRQn=true\:0\:0\:false\:false\:true\:false
NVIC.UsageFault_IRQn=true\:0\:0\:false\:false\:true\:false
PA0.Signal=S_TIM2_CH1
PA1.Signal=S_TIM2_CH2
PA10.Mode=Asynchronous
PA10.Signal=USART1_RX
PA11.Mode=Master
PA11.Signal=CAN1_RX
PA12.Mode=Master
PA12.Signal=CAN1_TX
PA2.Signal=S_TIM2_CH3
PA5.Mode=Full_Duplex_Master
PA5.Signal=SPI1_SCK
PA6.Mode=Full_Duplex_Master
PA6.Signal=SPI1_MISO
PA7.Mode=Full_Duplex_Master
PA7.Signal=SPI1_MOSI
PA9.Mode=Asynchronous
PA9.Signal=USART1_TX
PCC.Checker=true
PCC.Line=STM32L4x2
PCC.MCU=STM32L432K(B-C)Ux
PCC.PartNumber=STM32L432KCUx
PCC.Seq0=0
PCC.Series=STM32L4
PCC.Temperature=25
PCC.Vdd=3.0
PinOutPanel.RotationAngle=0
RCC.FamilyName=M
RCC.HSE_VALUE=8000000
RCC.HSI48_VALUE=48000000
RCC.HSI_VALUE=16000000
RCC.IPParameters=FamilyName,HSE_VALUE,HSI48_VALUE,HSI_VALUE,LSCOPinFreq_Value,LSE_VALUE,LSI_VALUE,MSI_VALUE,PLLPoutputFreq_Value,PLLQoutputFreq_Value,PLLRCLKFreq_Value,PLLSAI1PoutputFreq_Value,PLLSAI1QoutputFreq_Value,PLLSAI1RoutputFreq_Value,SAI1Freq_Value,VCOInputFreq_Value,VCOOutputFreq_Value,VCOSAI1OutputFreq_Value
RCC.LSCOPinFreq_Value=32000
RCC.LSE_VALUE=32768
RCC.LSI_VALUE=32000
RCC.MSI_VALUE=4000000
RCC.PLLPoutputFreq_Value=4571428.571428572
RCC.PLLQoutputFreq_Value=16000000
RCC.PLLRCLKFreq_Value=16000000
RCC.PLLSAI1PoutputFreq_Value=4571428.571428572
RCC.PLLSAI1QoutputFreq_Value=16000000
RCC.PLLSAI1RoutputFreq_Value=16000000
RCC.SAI1Freq_Value=4571428.571428572
RCC.VCOInputFreq_Value=4000000
RCC.VCOOutputFreq_Value=32000000
RCC.VCOSAI1OutputFreq_Value=32000000
SH.S_TIM2_CH1.0=TIM2_CH1,Encoder_Interface
SH.S_TIM2_CH1.ConfNb=1
SH.S_TIM2_CH2.0=TIM2_CH2,Encoder_Interface
SH.S_TIM2_CH2.ConfNb=1
SH.S_TIM2_CH3.0=TIM2_CH3,Input_Capture3_from_TI3
SH.S_TIM2_CH3.ConfNb=1
SPI1.CalculateBaudRate=2.0 MBits/s
SPI1.Direction=SPI_DIRECTION_2LINES
SPI1.IPParameters=VirtualType,Mode,Direction,CalculateBaudRate
SPI1.Mode=SPI_MODE_MASTER
SPI1.VirtualType=VM_MASTER
TIM2.Channel-Input_Capture3_from_TI3=TIM_CHANNEL_3
TIM2.IPParameters=Channel-Input_Capture3_from_TI3
USART1.IPParameters=VirtualMode-Asynchronous
USART1.VirtualMode-Asynchronous=VM_ASYNC
VP_ADC1_TempSens_Input.Mode=IN-TempSens
VP_ADC1_TempSens_Input.Signal=ADC1_TempSens_Input
VP_ADC1_Vbat_Input.Mode=IN-Vbat
VP_ADC1_Vbat_Input.Signal=ADC1_Vbat_Input
VP_SYS_VS_Systick.Mode=SysTick
VP_SYS_VS_Systick.Signal=SYS_VS_Systick
board=custom
